
Microsoft Visual Studio Solution File, Format Version 12.00
Project("{FAE04EC0-301F-11D3-BF4B-00C04F79EFBC}") = "TechBuyAPI", "TechBuyAPI\TechBuyAPI.csproj", "{29472A76-0CE0-4547-8BEF-8F91241928C2}"
EndProject
Project("{FAE04EC0-301F-11D3-BF4B-00C04F79EFBC}") = "Core", "Core\Core.csproj", "{4A20FE49-A275-4057-8A18-6CEF80A6FFA7}"
EndProject
Project("{FAE04EC0-301F-11D3-BF4B-00C04F79EFBC}") = "Infrastructure", "Infrastructure\Infrastructure.csproj", "{C4AC36AF-B5EF-4FE8-B2BD-FE5098B4179E}"
EndProject
Global
	GlobalSection(SolutionConfigurationPlatforms) = preSolution
		Debug|Any CPU = Debug|Any CPU
		Release|Any CPU = Release|Any CPU
	EndGlobalSection
	GlobalSection(ProjectConfigurationPlatforms) = postSolution
		{29472A76-0CE0-4547-8BEF-8F91241928C2}.Debug|Any CPU.ActiveCfg = Debug|Any CPU
		{29472A76-0CE0-4547-8BEF-8F91241928C2}.Debug|Any CPU.Build.0 = Debug|Any CPU
		{29472A76-0CE0-4547-8BEF-8F91241928C2}.Release|Any CPU.ActiveCfg = Release|Any CPU
		{29472A76-0CE0-4547-8BEF-8F91241928C2}.Release|Any CPU.Build.0 = Release|Any CPU
		{4A20FE49-A275-4057-8A18-6CEF80A6FFA7}.Debug|Any CPU.ActiveCfg = Debug|Any CPU
		{4A20FE49-A275-4057-8A18-6CEF80A6FFA7}.Debug|Any CPU.Build.0 = Debug|Any CPU
		{4A20FE49-A275-4057-8A18-6CEF80A6FFA7}.Release|Any CPU.ActiveCfg = Release|Any CPU
		{4A20FE49-A275-4057-8A18-6CEF80A6FFA7}.Release|Any CPU.Build.0 = Release|Any CPU
		{C4AC36AF-B5EF-4FE8-B2BD-FE5098B4179E}.Debug|Any CPU.ActiveCfg = Debug|Any CPU
		{C4AC36AF-B5EF-4FE8-B2BD-FE5098B4179E}.Debug|Any CPU.Build.0 = Debug|Any CPU
		{C4AC36AF-B5EF-4FE8-B2BD-FE5098B4179E}.Release|Any CPU.ActiveCfg = Release|Any CPU
		{C4AC36AF-B5EF-4FE8-B2BD-FE5098B4179E}.Release|Any CPU.Build.0 = Release|Any CPU
	EndGlobalSection
EndGlobal
